<?xml version="1.0" encoding="utf-8"?>
<Project ToolsVersion="4.0" xmlns="http://schemas.microsoft.com/developer/msbuild/2003">
  <ItemGroup>
    <Filter Include="Header Files">
      <UniqueIdentifier>{303306cc-54ca-4367-80c8-3e57e3c3e8a7}</UniqueIdentifier>
    </Filter>
    <Filter Include="Source Files">
      <UniqueIdentifier>{b34521f5-6d3c-4d13-962a-e35ed4e37572}</UniqueIdentifier>
    </Filter>
  </ItemGroup>
  <ItemGroup>
    <ClInclude Include="Utils\Config.h">
      <Filter>Header Files</Filter>
    </ClInclude>
    <ClInclude Include="Utils\LoadLibrary.h">
      <Filter>Header Files</Filter>
    </ClInclude>
    <ClInclude Include="Utils\Utils.h">
      <Filter>Header Files</Filter>
    </ClInclude>
    <ClInclude Include="Utils\ManualMap.h">
      <Filter>Header Files</Filter>
    </ClInclude>
    <ClInclude Include="vendors\inih\cpp\INIReader.h">
      <Filter>Header Files</Filter>
    </ClInclude>
    <ClInclude Include="vendors\inih\ini.h">
      <Filter>Header Files</Filter>
    </ClInclude>
  </ItemGroup>
  <ItemGroup>
    <ClCompile Include="main.cpp">
      <Filter>Source Files</Filter>
    </ClCompile>
    <ClCompile Include="Utils\ManualMap.cpp">
      <Filter>Source Files</Filter>
    </ClCompile>
    <ClCompile Include="Utils\LoadLibrary.cpp">
      <Filter>Source Files</Filter>
    </ClCompile>
    <ClCompile Include="Utils\Utils.cpp">
      <Filter>Source Files</Filter>
    </ClCompile>
    <ClCompile Include="vendors\inih\cpp\INIReader.cpp">
      <Filter>Source Files</Filter>
    </ClCompile>
    <ClCompile Include="utils\Config.cpp">
      <Filter>Header Files</Filter>
    </ClCompile>
    <ClCompile Include="vendors\inih\ini.c">
      <Filter>Source Files</Filter>
    </ClCompile>
  </ItemGroup>
</Project>